// !$*UTF8*$!
{
	archiveVersion = 1;
	classes = {
	};
	objectVersion = 50;
	objects = {

/* Begin PBXBuildFile section */
		EEAA27DD23BA034500A18FD1 /* LocationSearchTable.swift in Sources */ = {isa = PBXBuildFile; fileRef = EEAA27DC23BA034500A18FD1 /* LocationSearchTable.swift */; };
		EEACD57823B7301D00870A53 /* AppDelegate.swift in Sources */ = {isa = PBXBuildFile; fileRef = EEACD57723B7301D00870A53 /* AppDelegate.swift */; };
		EEACD57A23B7301D00870A53 /* SceneDelegate.swift in Sources */ = {isa = PBXBuildFile; fileRef = EEACD57923B7301D00870A53 /* SceneDelegate.swift */; };
		EEACD57C23B7301D00870A53 /* ViewController.swift in Sources */ = {isa = PBXBuildFile; fileRef = EEACD57B23B7301D00870A53 /* ViewController.swift */; };
		EEACD57F23B7301D00870A53 /* Main.storyboard in Resources */ = {isa = PBXBuildFile; fileRef = EEACD57D23B7301D00870A53 /* Main.storyboard */; };
		EEACD58123B7303500870A53 /* Assets.xcassets in Resources */ = {isa = PBXBuildFile; fileRef = EEACD58023B7303500870A53 /* Assets.xcassets */; };
		EEACD58423B7303500870A53 /* LaunchScreen.storyboard in Resources */ = {isa = PBXBuildFile; fileRef = EEACD58223B7303500870A53 /* LaunchScreen.storyboard */; };
/* End PBXBuildFile section */

/* Begin PBXFileReference section */
		EEAA27DC23BA034500A18FD1 /* LocationSearchTable.swift */ = {isa = PBXFileReference; lastKnownFileType = sourcecode.swift; path = LocationSearchTable.swift; sourceTree = "<group>"; };
		EEACD57423B7301D00870A53 /* MapTry.app */ = {isa = PBXFileReference; explicitFileType = wrapper.application; includeInIndex = 0; path = MapTry.app; sourceTree = BUILT_PRODUCTS_DIR; };
		EEACD57723B7301D00870A53 /* AppDelegate.swift */ = {isa = PBXFileReference; lastKnownFileType = sourcecode.swift; path = AppDelegate.swift; sourceTree = "<group>"; };
		EEACD57923B7301D00870A53 /* SceneDelegate.swift */ = {isa = PBXFileReference; lastKnownFileType = sourcecode.swift; path = SceneDelegate.swift; sourceTree = "<group>"; };
		EEACD57B23B7301D00870A53 /* ViewController.swift */ = {isa = PBXFileReference; lastKnownFileType = sourcecode.swift; path = ViewController.swift; sourceTree = "<group>"; };
		EEACD57E23B7301D00870A53 /* Base */ = {isa = PBXFileReference; lastKnownFileType = file.storyboard; name = Base; path = Base.lproj/Main.storyboard; sourceTree = "<group>"; };
		EEACD58023B7303500870A53 /* Assets.xcassets */ = {isa = PBXFileReference; lastKnownFileType = folder.assetcatalog; path = Assets.xcassets; sourceTree = "<group>"; };
		EEACD58323B7303500870A53 /* Base */ = {isa = PBXFileReference; lastKnownFileType = file.storyboard; name = Base; path = Base.lproj/LaunchScreen.storyboard; sourceTree = "<group>"; };
		EEACD58523B7303500870A53 /* Info.plist */ = {isa = PBXFileReference; lastKnownFileType = text.plist.xml; path = Info.plist; sourceTree = "<group>"; };
/* End PBXFileReference section */

/* Begin PBXFrameworksBuildPhase section */
		EEACD57123B7301C00870A53 /* Frameworks */ = {
			isa = PBXFrameworksBuildPhase;
			buildActionMask = 2147483647;
			files = (
			);
			runOnlyForDeploymentPostprocessing = 0;
		};
/* End PBXFrameworksBuildPhase section */

/* Begin PBXGroup section */
		EEACD56B23B7301C00870A53 = {
			isa = PBXGroup;
			children = (
				EEACD57623B7301D00870A53 /* MapTry */,
				EEACD57523B7301D00870A53 /* Products */,
			);
			sourceTree = "<group>";
		};
		EEACD57523B7301D00870A53 /* Products */ = {
			isa = PBXGroup;
			children = (
				EEACD57423B7301D00870A53 /* MapTry.app */,
			);
			name = Products;
			sourceTree = "<group>";
		};
		EEACD57623B7301D00870A53 /* MapTry */ = {
			isa = PBXGroup;
			children = (
				EEACD57723B7301D00870A53 /* AppDelegate.swift */,
				EEACD57923B7301D00870A53 /* SceneDelegate.swift */,
				EEAA27DC23BA034500A18FD1 /* LocationSearchTable.swift */,
				EEACD57B23B7301D00870A53 /* ViewController.swift */,
				EEACD57D23B7301D00870A53 /* Main.storyboard */,
				EEACD58023B7303500870A53 /* Assets.xcassets */,
				EEACD58223B7303500870A53 /* LaunchScreen.storyboard */,
				EEACD58523B7303500870A53 /* Info.plist */,
			);
			path = MapTry;
			sourceTree = "<group>";
		};
/* End PBXGroup section */

/* Begin PBXNativeTarget section */
		EEACD57323B7301C00870A53 /* MapTry */ = {
			isa = PBXNativeTarget;
			buildConfigurationList = EEACD58823B7303500870A53 /* Build configuration list for PBXNativeTarget "MapTry" */;
			buildPhases = (
				EEACD57023B7301C00870A53 /* Sources */,
				EEACD57123B7301C00870A53 /* Frameworks */,
				EEACD57223B7301C00870A53 /* Resources */,
			);
			buildRules = (
			);
			dependencies = (
			);
			name = MapTry;
			productName = MapTry;
			productReference = EEACD57423B7301D00870A53 /* MapTry.app */;
			productType = "com.apple.product-type.application";
		};
/* End PBXNativeTarget section */

/* Begin PBXProject section */
		EEACD56C23B7301C00870A53 /* Project object */ = {
			isa = PBXProject;
			attributes = {
				LastSwiftUpdateCheck = 1110;
				LastUpgradeCheck = 1110;
				ORGANIZATIONNAME = RedTokens;
				TargetAttributes = {
					EEACD57323B7301C00870A53 = {
						CreatedOnToolsVersion = 11.1;
					};
				};
			};
			buildConfigurationList = EEACD56F23B7301C00870A53 /* Build configuration list for PBXProject "MapTry" */;
			compatibilityVersion = "Xcode 9.3";
			developmentRegion = en;
			hasScannedForEncodings = 0;
			knownRegions = (
				en,
				Base,
			);
			mainGroup = EEACD56B23B7301C00870A53;
			productRefGroup = EEACD57523B7301D00870A53 /* Products */;
			projectDirPath = "";
			projectRoot = "";
			targets = (
				EEACD57323B7301C00870A53 /* MapTry */,
			);
		};
/* End PBXProject section */

/* Begin PBXResourcesBuildPhase section */
		EEACD57223B7301C00870A53 /* Resources */ = {
			isa = PBXResourcesBuildPhase;
			buildActionMask = 2147483647;
			files = (
				EEACD58423B7303500870A53 /* LaunchScreen.storyboard in Resources */,
				EEACD58123B7303500870A53 /* Assets.xcassets in Resources */,
				EEACD57F23B7301D00870A53 /* Main.storyboard in Resources */,
			);
			runOnlyForDeploymentPostprocessing = 0;
		};
/* End PBXResourcesBuildPhase section */

/* Begin PBXSourcesBuildPhase section */
		EEACD57023B7301C00870A53 /* Sources */ = {
			isa = PBXSourcesBuildPhase;
			buildActionMask = 2147483647;
			files = (
				EEACD57C23B7301D00870A53 /* ViewController.swift in Sources */,
				EEACD57823B7301D00870A53 /* AppDelegate.swift in Sources */,
				EEACD57A23B7301D00870A53 /* SceneDelegate.swift in Sources */,
				EEAA27DD23BA034500A18FD1 /* LocationSearchTable.swift in Sources */,
			);
			runOnlyForDeploymentPostprocessing = 0;
		};
/* End PBXSourcesBuildPhase section */

/* Begin PBXVariantGroup section */
		EEACD57D23B7301D00870A53 /* Main.storyboard */ = {
			isa = PBXVariantGroup;
			children = (
				EEACD57E23B7301D00870A53 /* Base */,
			);
			name = Main.storyboard;
			sourceTree = "<group>";
		};
		EEACD58223B7303500870A53 /* LaunchScreen.storyboard */ = {
			isa = PBXVariantGroup;
			children = (
				EEACD58323B7303500870A53 /* Base */,
			);
			name = LaunchScreen.storyboard;
			sourceTree = "<group>";
		};
/* End PBXVariantGroup section */

/* Begin XCBuildConfiguration section */
		EEACD58623B7303500870A53 /* Debug */ = {
			isa = XCBuildConfiguration;
			buildSettings = {
				ALWAYS_SEARCH_USER_PATHS = NO;
				CLANG_ANALYZER_NONNULL = YES;
				CLANG_ANALYZER_NUMBER_OBJECT_CONVERSION = YES_AGGRESSIVE;
				CLANG_CXX_LANGUAGE_STANDARD = "gnu++14";
				CLANG_CXX_LIBRARY = "libc++";
				CLANG_ENABLE_MODULES = YES;
				CLANG_ENABLE_OBJC_ARC = YES;
				CLANG_ENABLE_OBJC_WEAK = YES;
				CLANG_WARN_BLOCK_CAPTURE_AUTORELEASING = YES;
				CLANG_WARN_BOOL_CONVERSION = YES;
				CLANG_WARN_COMMA = YES;
				CLANG_WARN_CONSTANT_CONVERSION = YES;
				CLANG_WARN_DEPRECATED_OBJC_IMPLEMENTATIONS = YES;
				CLANG_WARN_DIRECT_OBJC_ISA_USAGE = YES_ERROR;
				CLANG_WARN_DOCUMENTATION_COMMENTS = YES;
				CLANG_WARN_EMPTY_BODY = YES;
				CLANG_WARN_ENUM_CONVERSION = YES;
				CLANG_WARN_INFINITE_RECURSION = YES;
				CLANG_WARN_INT_CONVERSION = YES;
				CLANG_WARN_NON_LITERAL_NULL_CONVERSION = YES;
				CLANG_WARN_OBJC_IMPLICIT_RETAIN_SELF = YES;
				CLANG_WARN_OBJC_LITERAL_CONVERSION = YES;
				CLANG_WARN_OBJC_ROOT_CLASS = YES_ERROR;
				CLANG_WARN_RANGE_LOOP_ANALYSIS = YES;
				CLANG_WARN_STRICT_PROTOTYPES = YES;
				CLANG_WARN_SUSPICIOUS_MOVE = YES;
				CLANG_WARN_UNGUARDED_AVAILABILITY = YES_AGGRESSIVE;
				CLANG_WARN_UNREACHABLE_CODE = YES;
				CLANG_WARN__DUPLICATE_METHOD_MATCH = YES;
				COPY_PHASE_STRIP = NO;
				DEBUG_INFORMATION_FORMAT = dwarf;
				ENABLE_STRICT_OBJC_MSGSEND = YES;
				ENABLE_TESTABILITY = YES;
				GCC_C_LANGUAGE_STANDARD = gnu11;
				GCC_DYNAMIC_NO_PIC = NO;
				GCC_NO_COMMON_BLOCKS = YES;
				GCC_OPTIMIZATION_LEVEL = 0;
				GCC_PREPROCESSOR_DEFINITIONS = (
					"DEBUG=1",
					"$(inherited)",
				);
				GCC_WARN_64_TO_32_BIT_CONVERSION = YES;
				GCC_WARN_ABOUT_RETURN_TYPE = YES_ERROR;
				GCC_WARN_UNDECLARED_SELECTOR = YES;
				GCC_WARN_UNINITIALIZED_AUTOS = YES_AGGRESSIVE;
				GCC_WARN_UNUSED_FUNCTION = YES;
				GCC_WARN_UNUSED_VARIABLE = YES;
				IPHONEOS_DEPLOYMENT_TARGET = 11.0;
				MTL_ENABLE_DEBUG_INFO = INCLUDE_SOURCE;
				MTL_FAST_MATH = YES;
				ONLY_ACTIVE_ARCH = YES;
				SDKROOT = iphoneos;
				SWIFT_ACTIVE_COMPILATION_CONDITIONS = DEBUG;
				SWIFT_OPTIMIZATION_LEVEL = "-Onone";
			};
			name = Debug;
		};
		EEACD58723B7303500870A53 /* Release */ = {
			isa = XCBuildConfiguration;
			buildSettings = {
				ALWAYS_SEARCH_USER_PATHS = NO;
				CLANG_ANALYZER_NONNULL = YES;
				CLANG_ANALYZER_NUMBER_OBJECT_CONVERSION = YES_AGGRESSIVE;
				CLANG_CXX_LANGUAGE_STANDARD = "gnu++14";
				CLANG_CXX_LIBRARY = "libc++";
				CLANG_ENABLE_MODULES = YES;
				CLANG_ENABLE_OBJC_ARC = YES;
				CLANG_ENABLE_OBJC_WEAK = YES;
				CLANG_WARN_BLOCK_CAPTURE_AUTORELEASING = YES;
				CLANG_WARN_BOOL_CONVERSION = YES;
				CLANG_WARN_COMMA = YES;
				CLANG_WARN_CONSTANT_CONVERSION = YES;
				CLANG_WARN_DEPRECATED_OBJC_IMPLEMENTATIONS = YES;
				CLANG_WARN_DIRECT_OBJC_ISA_USAGE = YES_ERROR;
				CLANG_WARN_DOCUMENTATION_COMMENTS = YES;
				CLANG_WARN_EMPTY_BODY = YES;
				CLANG_WARN_ENUM_CONVERSION = YES;
				CLANG_WARN_INFINITE_RECURSION = YES;
				CLANG_WARN_INT_CONVERSION = YES;
				CLANG_WARN_NON_LITERAL_NULL_CONVERSION = YES;
				CLANG_WARN_OBJC_IMPLICIT_RETAIN_SELF = YES;
				CLANG_WARN_OBJC_LITERAL_CONVERSION = YES;
				CLANG_WARN_OBJC_ROOT_CLASS = YES_ERROR;
				CLANG_WARN_RANGE_LOOP_ANALYSIS = YES;
				CLANG_WARN_STRICT_PROTOTYPES = YES;
				CLANG_WARN_SUSPICIOUS_MOVE = YES;
				CLANG_WARN_UNGUARDED_AVAILABILITY = YES_AGGRESSIVE;
				CLANG_WARN_UNREACHABLE_CODE = YES;
				CLANG_WARN__DUPLICATE_METHOD_MATCH = YES;
				COPY_PHASE_STRIP = NO;
				DEBUG_INFORMATION_FORMAT = "dwarf-with-dsym";
				ENABLE_NS_ASSERTIONS = NO;
				ENABLE_STRICT_OBJC_MSGSEND = YES;
				GCC_C_LANGUAGE_STANDARD = gnu11;
				GCC_NO_COMMON_BLOCKS = YES;
				GCC_WARN_64_TO_32_BIT_CONVERSION = YES;
				GCC_WARN_ABOUT_RETURN_TYPE = YES_ERROR;
				GCC_WARN_UNDECLARED_SELECTOR = YES;
				GCC_WARN_UNINITIALIZED_AUTOS = YES_AGGRESSIVE;
				GCC_WARN_UNUSED_FUNCTION = YES;
				GCC_WARN_UNUSED_VARIABLE = YES;
				IPHONEOS_DEPLOYMENT_TARGET = 11.0;
				MTL_ENABLE_DEBUG_INFO = NO;
				MTL_FAST_MATH = YES;
				SDKROOT = iphoneos;
				SWIFT_COMPILATION_MODE = wholemodule;
				SWIFT_OPTIMIZATION_LEVEL = "-O";
				VALIDATE_PRODUCT = YES;
			};
			name = Release;
		};
		EEACD58923B7303500870A53 /* Debug */ = {
			isa = XCBuildConfiguration;
			buildSettings = {
				ASSETCATALOG_COMPILER_APPICON_NAME = AppIcon;
				CODE_SIGN_STYLE = Automatic;
				DEVELOPMENT_TEAM = DJ8VTMBZRG;
				INFOPLIST_FILE = MapTry/Info.plist;
				IPHONEOS_DEPLOYMENT_TARGET = 11.0;
				LD_RUNPATH_SEARCH_PATHS = (
					"$(inherited)",
					"@executable_path/Frameworks",
				);
				PRODUCT_BUNDLE_IDENTIFIER = MapTry;
				PRODUCT_NAME = "$(TARGET_NAME)";
				SWIFT_VERSION = 5.0;
				TARGETED_DEVICE_FAMILY = "1,2";
			};
			name = Debug;
		};
		EEACD58A23B7303500870A53 /* Release */ = {
			isa = XCBuildConfiguration;
			buildSettings = {
				ASSETCATALOG_COMPILER_APPICON_NAME = AppIcon;
				CODE_SIGN_STYLE = Automatic;
				DEVELOPMENT_TEAM = DJ8VTMBZRG;
				INFOPLIST_FILE = MapTry/Info.plist;
				IPHONEOS_DEPLOYMENT_TARGET = 11.0;
				LD_RUNPATH_SEARCH_PATHS = (
					"$(inherited)",
					"@executable_path/Frameworks",
				);
				PRODUCT_BUNDLE_IDENTIFIER = MapTry;
				PRODUCT_NAME = "$(TARGET_NAME)";
				SWIFT_VERSION = 5.0;
				TARGETED_DEVICE_FAMILY = "1,2";
			};
			name = Release;
		};
/* End XCBuildConfiguration section */

/* Begin XCConfigurationList section */
		EEACD56F23B7301C00870A53 /* Build configuration list for PBXProject "MapTry" */ = {
			isa = XCConfigurationList;
			buildConfigurations = (
				EEACD58623B7303500870A53 /* Debug */,
				EEACD58723B7303500870A53 /* Release */,
			);
			defaultConfigurationIsVisible = 0;
			defaultConfigurationName = Release;
		};
		EEACD58823B7303500870A53 /* Build configuration list for PBXNativeTarget "MapTry" */ = {
			isa = XCConfigurationList;
			buildConfigurations = (
				EEACD58923B7303500870A53 /* Debug */,
				EEACD58A23B7303500870A53 /* Release */,
			);
			defaultConfigurationIsVisible = 0;
			defaultConfigurationName = Release;
		};
/* End XCConfigurationList section */
	};
	rootObject = EEACD56C23B7301C00870A53 /* Project object */;
}
